
Microsoft Visual Studio Solution File, Format Version 12.00
# Visual Studio Version 16
VisualStudioVersion = 16.0.31911.196
MinimumVisualStudioVersion = 10.0.40219.1
Project("{FAE04EC0-301F-11D3-BF4B-00C04F79EFBC}") = "CoreDeneme", "CoreDeneme\CoreDeneme.csproj", "{B7029299-8691-44D1-8219-0BAD2DF46D5E}"
EndProject
Project("{FAE04EC0-301F-11D3-BF4B-00C04F79EFBC}") = "Entity", "EntityLayer\Entity.csproj", "{7A143DC2-A8E6-4FB1-BB76-134465D80697}"
EndProject
Project("{FAE04EC0-301F-11D3-BF4B-00C04F79EFBC}") = "DataAccess", "DataAccessLayer\DataAccess.csproj", "{387BF432-81BF-4FC8-A368-861ACFC427EB}"
EndProject
Project("{FAE04EC0-301F-11D3-BF4B-00C04F79EFBC}") = "Business", "Business\Business.csproj", "{6A82397E-AE16-4BF5-BBF8-7118A13AC3F8}"
EndProject
Project("{FAE04EC0-301F-11D3-BF4B-00C04F79EFBC}") = "Core", "Core\Core.csproj", "{35E9BABB-406B-4E78-96C3-82E4B12C4A5A}"
EndProject
Global
	GlobalSection(SolutionConfigurationPlatforms) = preSolution
		Debug|Any CPU = Debug|Any CPU
		Release|Any CPU = Release|Any CPU
	EndGlobalSection
	GlobalSection(ProjectConfigurationPlatforms) = postSolution
		{B7029299-8691-44D1-8219-0BAD2DF46D5E}.Debug|Any CPU.ActiveCfg = Debug|Any CPU
		{B7029299-8691-44D1-8219-0BAD2DF46D5E}.Debug|Any CPU.Build.0 = Debug|Any CPU
		{B7029299-8691-44D1-8219-0BAD2DF46D5E}.Release|Any CPU.ActiveCfg = Release|Any CPU
		{B7029299-8691-44D1-8219-0BAD2DF46D5E}.Release|Any CPU.Build.0 = Release|Any CPU
		{7A143DC2-A8E6-4FB1-BB76-134465D80697}.Debug|Any CPU.ActiveCfg = Debug|Any CPU
		{7A143DC2-A8E6-4FB1-BB76-134465D80697}.Debug|Any CPU.Build.0 = Debug|Any CPU
		{7A143DC2-A8E6-4FB1-BB76-134465D80697}.Release|Any CPU.ActiveCfg = Release|Any CPU
		{7A143DC2-A8E6-4FB1-BB76-134465D80697}.Release|Any CPU.Build.0 = Release|Any CPU
		{387BF432-81BF-4FC8-A368-861ACFC427EB}.Debug|Any CPU.ActiveCfg = Debug|Any CPU
		{387BF432-81BF-4FC8-A368-861ACFC427EB}.Debug|Any CPU.Build.0 = Debug|Any CPU
		{387BF432-81BF-4FC8-A368-861ACFC427EB}.Release|Any CPU.ActiveCfg = Release|Any CPU
		{387BF432-81BF-4FC8-A368-861ACFC427EB}.Release|Any CPU.Build.0 = Release|Any CPU
		{6A82397E-AE16-4BF5-BBF8-7118A13AC3F8}.Debug|Any CPU.ActiveCfg = Debug|Any CPU
		{6A82397E-AE16-4BF5-BBF8-7118A13AC3F8}.Debug|Any CPU.Build.0 = Debug|Any CPU
		{6A82397E-AE16-4BF5-BBF8-7118A13AC3F8}.Release|Any CPU.ActiveCfg = Release|Any CPU
		{6A82397E-AE16-4BF5-BBF8-7118A13AC3F8}.Release|Any CPU.Build.0 = Release|Any CPU
		{35E9BABB-406B-4E78-96C3-82E4B12C4A5A}.Debug|Any CPU.ActiveCfg = Debug|Any CPU
		{35E9BABB-406B-4E78-96C3-82E4B12C4A5A}.Debug|Any CPU.Build.0 = Debug|Any CPU
		{35E9BABB-406B-4E78-96C3-82E4B12C4A5A}.Release|Any CPU.ActiveCfg = Release|Any CPU
		{35E9BABB-406B-4E78-96C3-82E4B12C4A5A}.Release|Any CPU.Build.0 = Release|Any CPU
	EndGlobalSection
	GlobalSection(SolutionProperties) = preSolution
		HideSolutionNode = FALSE
	EndGlobalSection
	GlobalSection(ExtensibilityGlobals) = postSolution
		SolutionGuid = {EB09476F-B4CF-4B2A-8BDB-B90CE6A82364}
	EndGlobalSection
EndGlobal
